
Microsoft Visual Studio Solution File, Format Version 12.00
# Visual Studio 14
VisualStudioVersion = 14.0.25123.0
MinimumVisualStudioVersion = 10.0.40219.1
Project("{FAE04EC0-301F-11D3-BF4B-00C04F79EFBC}") = "Moo68k", "Moo68k\Moo68k.csproj", "{14C11E14-FBA6-43A0-AB47-37CC2006D018}"
EndProject
Project("{FAE04EC0-301F-11D3-BF4B-00C04F79EFBC}") = "Moo68kUnitTest", "Moo68kUnitTest\Moo68kUnitTest.csproj", "{C08FD411-B6BD-4299-BACF-4DBE30A59B38}"
EndProject
Project("{FAE04EC0-301F-11D3-BF4B-00C04F79EFBC}") = "Moo68kConsole", "Moo68kConsole\Moo68kConsole.csproj", "{C19B1D62-940C-4D38-B5D9-1767244DE468}"
EndProject
Project("{2150E333-8FDC-42A3-9474-1A3956D46DE8}") = "Solution Items", "Solution Items", "{5EB2749C-261D-4EF1-9882-1D46E68422E1}"
	ProjectSection(SolutionItems) = preProject
		License = License
		Readme.md = Readme.md
	EndProjectSection
EndProject
Global
	GlobalSection(SolutionConfigurationPlatforms) = preSolution
		Debug|Any CPU = Debug|Any CPU
		Release|Any CPU = Release|Any CPU
	EndGlobalSection
	GlobalSection(ProjectConfigurationPlatforms) = postSolution
		{14C11E14-FBA6-43A0-AB47-37CC2006D018}.Debug|Any CPU.ActiveCfg = Debug|Any CPU
		{14C11E14-FBA6-43A0-AB47-37CC2006D018}.Debug|Any CPU.Build.0 = Debug|Any CPU
		{14C11E14-FBA6-43A0-AB47-37CC2006D018}.Release|Any CPU.ActiveCfg = Release|Any CPU
		{14C11E14-FBA6-43A0-AB47-37CC2006D018}.Release|Any CPU.Build.0 = Release|Any CPU
		{C08FD411-B6BD-4299-BACF-4DBE30A59B38}.Debug|Any CPU.ActiveCfg = Debug|Any CPU
		{C08FD411-B6BD-4299-BACF-4DBE30A59B38}.Debug|Any CPU.Build.0 = Debug|Any CPU
		{C08FD411-B6BD-4299-BACF-4DBE30A59B38}.Release|Any CPU.ActiveCfg = Release|Any CPU
		{C08FD411-B6BD-4299-BACF-4DBE30A59B38}.Release|Any CPU.Build.0 = Release|Any CPU
		{C19B1D62-940C-4D38-B5D9-1767244DE468}.Debug|Any CPU.ActiveCfg = Debug|Any CPU
		{C19B1D62-940C-4D38-B5D9-1767244DE468}.Debug|Any CPU.Build.0 = Debug|Any CPU
		{C19B1D62-940C-4D38-B5D9-1767244DE468}.Release|Any CPU.ActiveCfg = Release|Any CPU
		{C19B1D62-940C-4D38-B5D9-1767244DE468}.Release|Any CPU.Build.0 = Release|Any CPU
	EndGlobalSection
	GlobalSection(SolutionProperties) = preSolution
		HideSolutionNode = FALSE
	EndGlobalSection
EndGlobal
